
Microsoft Visual Studio Solution File, Format Version 12.00
# Visual Studio 15
VisualStudioVersion = 15.0.28307.168
MinimumVisualStudioVersion = 10.0.40219.1
Project("{FAE04EC0-301F-11D3-BF4B-00C04F79EFBC}") = "TSGPDic", "TSGPDic\TSGPDic.csproj", "{1CAC10F4-61E2-470B-99F9-9438DD4E46CB}"
EndProject
Global
	GlobalSection(SolutionConfigurationPlatforms) = preSolution
		Debug|Any CPU = Debug|Any CPU
		Release|Any CPU = Release|Any CPU
	EndGlobalSection
	GlobalSection(ProjectConfigurationPlatforms) = postSolution
		{1CAC10F4-61E2-470B-99F9-9438DD4E46CB}.Debug|Any CPU.ActiveCfg = Debug|Any CPU
		{1CAC10F4-61E2-470B-99F9-9438DD4E46CB}.Debug|Any CPU.Build.0 = Debug|Any CPU
		{1CAC10F4-61E2-470B-99F9-9438DD4E46CB}.Debug|Any CPU.Deploy.0 = Debug|Any CPU
		{1CAC10F4-61E2-470B-99F9-9438DD4E46CB}.Release|Any CPU.ActiveCfg = Release|Any CPU
		{1CAC10F4-61E2-470B-99F9-9438DD4E46CB}.Release|Any CPU.Build.0 = Release|Any CPU
		{1CAC10F4-61E2-470B-99F9-9438DD4E46CB}.Release|Any CPU.Deploy.0 = Release|Any CPU
	EndGlobalSection
	GlobalSection(SolutionProperties) = preSolution
		HideSolutionNode = FALSE
	EndGlobalSection
	GlobalSection(ExtensibilityGlobals) = postSolution
		SolutionGuid = {8B97AE18-35BA-416F-A398-177CCA06B7CA}
	EndGlobalSection
EndGlobal
